
Microsoft Visual Studio Solution File, Format Version 12.00
# Visual Studio 2012
VisualStudioVersion = 12.0.21005.1
MinimumVisualStudioVersion = 10.0.40219.1
Project("{FAE04EC0-301F-11D3-BF4B-00C04F79EFBC}") = "ClassicBomgarSdkBinding", "ClassicBomgarSdkBinding\ClassicBomgarSdkBinding.csproj", "{3B13B39B-B0CB-45D5-8734-F29865BC9684}"
EndProject
Project("{FAE04EC0-301F-11D3-BF4B-00C04F79EFBC}") = "BomgarSdkBinding", "BomgarSdkBinding\BomgarSdkBinding.csproj", "{48EDF11A-0942-4D1E-B3CF-6CD5BA2D89FB}"
EndProject
Project("{FAE04EC0-301F-11D3-BF4B-00C04F79EFBC}") = "BomgarTest", "BomgarTest\BomgarTest.csproj", "{1A5E9363-39C9-46CB-8D55-66447191FFAE}"
EndProject
Project("{FAE04EC0-301F-11D3-BF4B-00C04F79EFBC}") = "BomgarTestClassic", "BomgarTestClassic\BomgarTestClassic.csproj", "{7DF56FC7-946E-4D77-AB5F-7DBA86918E14}"
EndProject
Global
	GlobalSection(SolutionConfigurationPlatforms) = preSolution
		Debug|Any CPU = Debug|Any CPU
		Release|Any CPU = Release|Any CPU
		Debug|iPhoneSimulator = Debug|iPhoneSimulator
		Release|iPhone = Release|iPhone
		Release|iPhoneSimulator = Release|iPhoneSimulator
		Debug|iPhone = Debug|iPhone
	EndGlobalSection
	GlobalSection(ProjectConfigurationPlatforms) = postSolution
		{1A5E9363-39C9-46CB-8D55-66447191FFAE}.Debug|Any CPU.ActiveCfg = Debug|iPhoneSimulator
		{1A5E9363-39C9-46CB-8D55-66447191FFAE}.Debug|Any CPU.Build.0 = Debug|iPhoneSimulator
		{1A5E9363-39C9-46CB-8D55-66447191FFAE}.Debug|iPhone.ActiveCfg = Debug|iPhone
		{1A5E9363-39C9-46CB-8D55-66447191FFAE}.Debug|iPhone.Build.0 = Debug|iPhone
		{1A5E9363-39C9-46CB-8D55-66447191FFAE}.Debug|iPhoneSimulator.ActiveCfg = Debug|iPhoneSimulator
		{1A5E9363-39C9-46CB-8D55-66447191FFAE}.Debug|iPhoneSimulator.Build.0 = Debug|iPhoneSimulator
		{1A5E9363-39C9-46CB-8D55-66447191FFAE}.Release|Any CPU.ActiveCfg = Release|iPhone
		{1A5E9363-39C9-46CB-8D55-66447191FFAE}.Release|Any CPU.Build.0 = Release|iPhone
		{1A5E9363-39C9-46CB-8D55-66447191FFAE}.Release|iPhone.ActiveCfg = Release|iPhone
		{1A5E9363-39C9-46CB-8D55-66447191FFAE}.Release|iPhone.Build.0 = Release|iPhone
		{1A5E9363-39C9-46CB-8D55-66447191FFAE}.Release|iPhoneSimulator.ActiveCfg = Release|iPhoneSimulator
		{1A5E9363-39C9-46CB-8D55-66447191FFAE}.Release|iPhoneSimulator.Build.0 = Release|iPhoneSimulator
		{3B13B39B-B0CB-45D5-8734-F29865BC9684}.Debug|Any CPU.ActiveCfg = Debug|Any CPU
		{3B13B39B-B0CB-45D5-8734-F29865BC9684}.Debug|Any CPU.Build.0 = Debug|Any CPU
		{3B13B39B-B0CB-45D5-8734-F29865BC9684}.Debug|iPhone.ActiveCfg = Debug|Any CPU
		{3B13B39B-B0CB-45D5-8734-F29865BC9684}.Debug|iPhone.Build.0 = Debug|Any CPU
		{3B13B39B-B0CB-45D5-8734-F29865BC9684}.Debug|iPhoneSimulator.ActiveCfg = Debug|Any CPU
		{3B13B39B-B0CB-45D5-8734-F29865BC9684}.Debug|iPhoneSimulator.Build.0 = Debug|Any CPU
		{3B13B39B-B0CB-45D5-8734-F29865BC9684}.Release|Any CPU.ActiveCfg = Release|Any CPU
		{3B13B39B-B0CB-45D5-8734-F29865BC9684}.Release|Any CPU.Build.0 = Release|Any CPU
		{3B13B39B-B0CB-45D5-8734-F29865BC9684}.Release|iPhone.ActiveCfg = Release|Any CPU
		{3B13B39B-B0CB-45D5-8734-F29865BC9684}.Release|iPhone.Build.0 = Release|Any CPU
		{3B13B39B-B0CB-45D5-8734-F29865BC9684}.Release|iPhoneSimulator.ActiveCfg = Release|Any CPU
		{3B13B39B-B0CB-45D5-8734-F29865BC9684}.Release|iPhoneSimulator.Build.0 = Release|Any CPU
		{48EDF11A-0942-4D1E-B3CF-6CD5BA2D89FB}.Debug|Any CPU.ActiveCfg = Debug|Any CPU
		{48EDF11A-0942-4D1E-B3CF-6CD5BA2D89FB}.Debug|Any CPU.Build.0 = Debug|Any CPU
		{48EDF11A-0942-4D1E-B3CF-6CD5BA2D89FB}.Debug|iPhone.ActiveCfg = Debug|Any CPU
		{48EDF11A-0942-4D1E-B3CF-6CD5BA2D89FB}.Debug|iPhone.Build.0 = Debug|Any CPU
		{48EDF11A-0942-4D1E-B3CF-6CD5BA2D89FB}.Debug|iPhoneSimulator.ActiveCfg = Debug|Any CPU
		{48EDF11A-0942-4D1E-B3CF-6CD5BA2D89FB}.Debug|iPhoneSimulator.Build.0 = Debug|Any CPU
		{48EDF11A-0942-4D1E-B3CF-6CD5BA2D89FB}.Release|Any CPU.ActiveCfg = Release|Any CPU
		{48EDF11A-0942-4D1E-B3CF-6CD5BA2D89FB}.Release|Any CPU.Build.0 = Release|Any CPU
		{48EDF11A-0942-4D1E-B3CF-6CD5BA2D89FB}.Release|iPhone.ActiveCfg = Release|Any CPU
		{48EDF11A-0942-4D1E-B3CF-6CD5BA2D89FB}.Release|iPhone.Build.0 = Release|Any CPU
		{48EDF11A-0942-4D1E-B3CF-6CD5BA2D89FB}.Release|iPhoneSimulator.ActiveCfg = Release|Any CPU
		{48EDF11A-0942-4D1E-B3CF-6CD5BA2D89FB}.Release|iPhoneSimulator.Build.0 = Release|Any CPU
		{7DF56FC7-946E-4D77-AB5F-7DBA86918E14}.Debug|Any CPU.ActiveCfg = Debug|iPhoneSimulator
		{7DF56FC7-946E-4D77-AB5F-7DBA86918E14}.Debug|Any CPU.Build.0 = Debug|iPhoneSimulator
		{7DF56FC7-946E-4D77-AB5F-7DBA86918E14}.Debug|iPhone.ActiveCfg = Debug|iPhone
		{7DF56FC7-946E-4D77-AB5F-7DBA86918E14}.Debug|iPhone.Build.0 = Debug|iPhone
		{7DF56FC7-946E-4D77-AB5F-7DBA86918E14}.Debug|iPhoneSimulator.ActiveCfg = Debug|iPhoneSimulator
		{7DF56FC7-946E-4D77-AB5F-7DBA86918E14}.Debug|iPhoneSimulator.Build.0 = Debug|iPhoneSimulator
		{7DF56FC7-946E-4D77-AB5F-7DBA86918E14}.Release|Any CPU.ActiveCfg = Release|iPhone
		{7DF56FC7-946E-4D77-AB5F-7DBA86918E14}.Release|Any CPU.Build.0 = Release|iPhone
		{7DF56FC7-946E-4D77-AB5F-7DBA86918E14}.Release|iPhone.ActiveCfg = Release|iPhone
		{7DF56FC7-946E-4D77-AB5F-7DBA86918E14}.Release|iPhone.Build.0 = Release|iPhone
		{7DF56FC7-946E-4D77-AB5F-7DBA86918E14}.Release|iPhoneSimulator.ActiveCfg = Release|iPhoneSimulator
		{7DF56FC7-946E-4D77-AB5F-7DBA86918E14}.Release|iPhoneSimulator.Build.0 = Release|iPhoneSimulator
	EndGlobalSection
	GlobalSection(SolutionProperties) = preSolution
		HideSolutionNode = FALSE
	EndGlobalSection
EndGlobal
